// !$*UTF8*$!
{
	archiveVersion = 1;
	classes = {
	};
	objectVersion = 56;
	objects = {

/* Begin PBXBuildFile section */
		EEAE6B4529106E4B00A9FB9C /* AppDelegate.swift in Sources */ = {isa = PBXBuildFile; fileRef = EEAE6B4429106E4B00A9FB9C /* AppDelegate.swift */; };
		EEAE6B4729106E4B00A9FB9C /* SceneDelegate.swift in Sources */ = {isa = PBXBuildFile; fileRef = EEAE6B4629106E4B00A9FB9C /* SceneDelegate.swift */; };
		EEAE6B4929106E4B00A9FB9C /* MainTabBarViewController.swift in Sources */ = {isa = PBXBuildFile; fileRef = EEAE6B4829106E4B00A9FB9C /* MainTabBarViewController.swift */; };
		EEAE6B4E29106E4F00A9FB9C /* Assets.xcassets in Resources */ = {isa = PBXBuildFile; fileRef = EEAE6B4D29106E4F00A9FB9C /* Assets.xcassets */; };
		EEAE6B5129106E4F00A9FB9C /* LaunchScreen.storyboard in Resources */ = {isa = PBXBuildFile; fileRef = EEAE6B4F29106E4F00A9FB9C /* LaunchScreen.storyboard */; };
		EEAE6B5A2910705A00A9FB9C /* HomeViewController.swift in Sources */ = {isa = PBXBuildFile; fileRef = EEAE6B592910705A00A9FB9C /* HomeViewController.swift */; };
		EEAE6B5C2910707D00A9FB9C /* UpcomingViewController.swift in Sources */ = {isa = PBXBuildFile; fileRef = EEAE6B5B2910707D00A9FB9C /* UpcomingViewController.swift */; };
		EEAE6B5E2910709100A9FB9C /* SearchViewController.swift in Sources */ = {isa = PBXBuildFile; fileRef = EEAE6B5D2910709100A9FB9C /* SearchViewController.swift */; };
		EEAE6B60291070AC00A9FB9C /* DownloadsViewController.swift in Sources */ = {isa = PBXBuildFile; fileRef = EEAE6B5F291070AC00A9FB9C /* DownloadsViewController.swift */; };
		EEAE6B67291076FD00A9FB9C /* CollectionViewTableViewCell.swift in Sources */ = {isa = PBXBuildFile; fileRef = EEAE6B66291076FD00A9FB9C /* CollectionViewTableViewCell.swift */; };
		EEAE6B692913125D00A9FB9C /* HeroHeaderView.swift in Sources */ = {isa = PBXBuildFile; fileRef = EEAE6B682913125D00A9FB9C /* HeroHeaderView.swift */; };
		EEAE6B6B2914415600A9FB9C /* APICaller.swift in Sources */ = {isa = PBXBuildFile; fileRef = EEAE6B6A2914415600A9FB9C /* APICaller.swift */; };
		EEAE6B6D291445F400A9FB9C /* Media.swift in Sources */ = {isa = PBXBuildFile; fileRef = EEAE6B6C291445F400A9FB9C /* Media.swift */; };
		EEAE6B6F2914498600A9FB9C /* Extensions.swift in Sources */ = {isa = PBXBuildFile; fileRef = EEAE6B6E2914498600A9FB9C /* Extensions.swift */; };
		EEAE6B7329145E5100A9FB9C /* MediaCollectionViewCell.swift in Sources */ = {isa = PBXBuildFile; fileRef = EEAE6B7229145E5100A9FB9C /* MediaCollectionViewCell.swift */; };
		EEAE6B752914601900A9FB9C /* ImageCache.swift in Sources */ = {isa = PBXBuildFile; fileRef = EEAE6B742914601900A9FB9C /* ImageCache.swift */; };
		EEAE6B772916707F00A9FB9C /* MediaTableViewCell.swift in Sources */ = {isa = PBXBuildFile; fileRef = EEAE6B762916707F00A9FB9C /* MediaTableViewCell.swift */; };
		EEAE6B792916737700A9FB9C /* MediaViewModel.swift in Sources */ = {isa = PBXBuildFile; fileRef = EEAE6B782916737700A9FB9C /* MediaViewModel.swift */; };
		EEAE6B7B2921324400A9FB9C /* SearchResultsViewController.swift in Sources */ = {isa = PBXBuildFile; fileRef = EEAE6B7A2921324400A9FB9C /* SearchResultsViewController.swift */; };
		EEAE6B7F2921412600A9FB9C /* YoutubeSearchResponse.swift in Sources */ = {isa = PBXBuildFile; fileRef = EEAE6B7E2921412600A9FB9C /* YoutubeSearchResponse.swift */; };
		EEAE6B812921512300A9FB9C /* MediaPreviewViewController.swift in Sources */ = {isa = PBXBuildFile; fileRef = EEAE6B802921512300A9FB9C /* MediaPreviewViewController.swift */; };
		EEAE6B83292153EA00A9FB9C /* MediaPreviewViewModel.swift in Sources */ = {isa = PBXBuildFile; fileRef = EEAE6B82292153EA00A9FB9C /* MediaPreviewViewModel.swift */; };
/* End PBXBuildFile section */

/* Begin PBXFileReference section */
		EEAE6B4129106E4B00A9FB9C /* NetflixClone.app */ = {isa = PBXFileReference; explicitFileType = wrapper.application; includeInIndex = 0; path = NetflixClone.app; sourceTree = BUILT_PRODUCTS_DIR; };
		EEAE6B4429106E4B00A9FB9C /* AppDelegate.swift */ = {isa = PBXFileReference; lastKnownFileType = sourcecode.swift; path = AppDelegate.swift; sourceTree = "<group>"; };
		EEAE6B4629106E4B00A9FB9C /* SceneDelegate.swift */ = {isa = PBXFileReference; lastKnownFileType = sourcecode.swift; path = SceneDelegate.swift; sourceTree = "<group>"; };
		EEAE6B4829106E4B00A9FB9C /* MainTabBarViewController.swift */ = {isa = PBXFileReference; lastKnownFileType = sourcecode.swift; path = MainTabBarViewController.swift; sourceTree = "<group>"; };
		EEAE6B4D29106E4F00A9FB9C /* Assets.xcassets */ = {isa = PBXFileReference; lastKnownFileType = folder.assetcatalog; path = Assets.xcassets; sourceTree = "<group>"; };
		EEAE6B5029106E4F00A9FB9C /* Base */ = {isa = PBXFileReference; lastKnownFileType = file.storyboard; name = Base; path = Base.lproj/LaunchScreen.storyboard; sourceTree = "<group>"; };
		EEAE6B5229106E4F00A9FB9C /* Info.plist */ = {isa = PBXFileReference; lastKnownFileType = text.plist.xml; path = Info.plist; sourceTree = "<group>"; };
		EEAE6B592910705A00A9FB9C /* HomeViewController.swift */ = {isa = PBXFileReference; lastKnownFileType = sourcecode.swift; path = HomeViewController.swift; sourceTree = "<group>"; };
		EEAE6B5B2910707D00A9FB9C /* UpcomingViewController.swift */ = {isa = PBXFileReference; lastKnownFileType = sourcecode.swift; path = UpcomingViewController.swift; sourceTree = "<group>"; };
		EEAE6B5D2910709100A9FB9C /* SearchViewController.swift */ = {isa = PBXFileReference; lastKnownFileType = sourcecode.swift; path = SearchViewController.swift; sourceTree = "<group>"; };
		EEAE6B5F291070AC00A9FB9C /* DownloadsViewController.swift */ = {isa = PBXFileReference; lastKnownFileType = sourcecode.swift; path = DownloadsViewController.swift; sourceTree = "<group>"; };
		EEAE6B66291076FD00A9FB9C /* CollectionViewTableViewCell.swift */ = {isa = PBXFileReference; lastKnownFileType = sourcecode.swift; path = CollectionViewTableViewCell.swift; sourceTree = "<group>"; };
		EEAE6B682913125D00A9FB9C /* HeroHeaderView.swift */ = {isa = PBXFileReference; lastKnownFileType = sourcecode.swift; path = HeroHeaderView.swift; sourceTree = "<group>"; };
		EEAE6B6A2914415600A9FB9C /* APICaller.swift */ = {isa = PBXFileReference; lastKnownFileType = sourcecode.swift; path = APICaller.swift; sourceTree = "<group>"; };
		EEAE6B6C291445F400A9FB9C /* Media.swift */ = {isa = PBXFileReference; lastKnownFileType = sourcecode.swift; path = Media.swift; sourceTree = "<group>"; };
		EEAE6B6E2914498600A9FB9C /* Extensions.swift */ = {isa = PBXFileReference; lastKnownFileType = sourcecode.swift; path = Extensions.swift; sourceTree = "<group>"; };
		EEAE6B7229145E5100A9FB9C /* MediaCollectionViewCell.swift */ = {isa = PBXFileReference; lastKnownFileType = sourcecode.swift; path = MediaCollectionViewCell.swift; sourceTree = "<group>"; };
		EEAE6B742914601900A9FB9C /* ImageCache.swift */ = {isa = PBXFileReference; lastKnownFileType = sourcecode.swift; path = ImageCache.swift; sourceTree = "<group>"; };
		EEAE6B762916707F00A9FB9C /* MediaTableViewCell.swift */ = {isa = PBXFileReference; lastKnownFileType = sourcecode.swift; path = MediaTableViewCell.swift; sourceTree = "<group>"; };
		EEAE6B782916737700A9FB9C /* MediaViewModel.swift */ = {isa = PBXFileReference; lastKnownFileType = sourcecode.swift; path = MediaViewModel.swift; sourceTree = "<group>"; };
		EEAE6B7A2921324400A9FB9C /* SearchResultsViewController.swift */ = {isa = PBXFileReference; lastKnownFileType = sourcecode.swift; path = SearchResultsViewController.swift; sourceTree = "<group>"; };
		EEAE6B7E2921412600A9FB9C /* YoutubeSearchResponse.swift */ = {isa = PBXFileReference; lastKnownFileType = sourcecode.swift; path = YoutubeSearchResponse.swift; sourceTree = "<group>"; };
		EEAE6B802921512300A9FB9C /* MediaPreviewViewController.swift */ = {isa = PBXFileReference; lastKnownFileType = sourcecode.swift; path = MediaPreviewViewController.swift; sourceTree = "<group>"; };
		EEAE6B82292153EA00A9FB9C /* MediaPreviewViewModel.swift */ = {isa = PBXFileReference; lastKnownFileType = sourcecode.swift; path = MediaPreviewViewModel.swift; sourceTree = "<group>"; };
/* End PBXFileReference section */

/* Begin PBXFrameworksBuildPhase section */
		EEAE6B3E29106E4B00A9FB9C /* Frameworks */ = {
			isa = PBXFrameworksBuildPhase;
			buildActionMask = 2147483647;
			files = (
			);
			runOnlyForDeploymentPostprocessing = 0;
		};
/* End PBXFrameworksBuildPhase section */

/* Begin PBXGroup section */
		EEAE6B3829106E4B00A9FB9C = {
			isa = PBXGroup;
			children = (
				EEAE6B4329106E4B00A9FB9C /* NetflixClone */,
				EEAE6B4229106E4B00A9FB9C /* Products */,
			);
			sourceTree = "<group>";
		};
		EEAE6B4229106E4B00A9FB9C /* Products */ = {
			isa = PBXGroup;
			children = (
				EEAE6B4129106E4B00A9FB9C /* NetflixClone.app */,
			);
			name = Products;
			sourceTree = "<group>";
		};
		EEAE6B4329106E4B00A9FB9C /* NetflixClone */ = {
			isa = PBXGroup;
			children = (
				EEAE6B4429106E4B00A9FB9C /* AppDelegate.swift */,
				EEAE6B4629106E4B00A9FB9C /* SceneDelegate.swift */,
				EEAE6B612910767F00A9FB9C /* Views */,
				EEAE6B582910704000A9FB9C /* Controllers */,
				EEAE6B622910768A00A9FB9C /* ViewModels */,
				EEAE6B65291076BB00A9FB9C /* Managers */,
				EEAE6B632910769300A9FB9C /* Models */,
				EEAE6B64291076B200A9FB9C /* Resources */,
				EEAE6B4D29106E4F00A9FB9C /* Assets.xcassets */,
				EEAE6B4F29106E4F00A9FB9C /* LaunchScreen.storyboard */,
				EEAE6B5229106E4F00A9FB9C /* Info.plist */,
			);
			path = NetflixClone;
			sourceTree = "<group>";
		};
		EEAE6B582910704000A9FB9C /* Controllers */ = {
			isa = PBXGroup;
			children = (
				EEAE6B7D292132CB00A9FB9C /* General */,
				EEAE6B7C2921328500A9FB9C /* Core */,
			);
			path = Controllers;
			sourceTree = "<group>";
		};
		EEAE6B612910767F00A9FB9C /* Views */ = {
			isa = PBXGroup;
			children = (
				EEAE6B66291076FD00A9FB9C /* CollectionViewTableViewCell.swift */,
				EEAE6B682913125D00A9FB9C /* HeroHeaderView.swift */,
				EEAE6B7229145E5100A9FB9C /* MediaCollectionViewCell.swift */,
				EEAE6B762916707F00A9FB9C /* MediaTableViewCell.swift */,
			);
			path = Views;
			sourceTree = "<group>";
		};
		EEAE6B622910768A00A9FB9C /* ViewModels */ = {
			isa = PBXGroup;
			children = (
				EEAE6B782916737700A9FB9C /* MediaViewModel.swift */,
				EEAE6B82292153EA00A9FB9C /* MediaPreviewViewModel.swift */,
			);
			path = ViewModels;
			sourceTree = "<group>";
		};
		EEAE6B632910769300A9FB9C /* Models */ = {
			isa = PBXGroup;
			children = (
				EEAE6B6C291445F400A9FB9C /* Media.swift */,
				EEAE6B7E2921412600A9FB9C /* YoutubeSearchResponse.swift */,
			);
			path = Models;
			sourceTree = "<group>";
		};
		EEAE6B64291076B200A9FB9C /* Resources */ = {
			isa = PBXGroup;
			children = (
				EEAE6B6E2914498600A9FB9C /* Extensions.swift */,
			);
			path = Resources;
			sourceTree = "<group>";
		};
		EEAE6B65291076BB00A9FB9C /* Managers */ = {
			isa = PBXGroup;
			children = (
				EEAE6B6A2914415600A9FB9C /* APICaller.swift */,
				EEAE6B742914601900A9FB9C /* ImageCache.swift */,
			);
			path = Managers;
			sourceTree = "<group>";
		};
		EEAE6B7C2921328500A9FB9C /* Core */ = {
			isa = PBXGroup;
			children = (
				EEAE6B4829106E4B00A9FB9C /* MainTabBarViewController.swift */,
				EEAE6B592910705A00A9FB9C /* HomeViewController.swift */,
				EEAE6B5B2910707D00A9FB9C /* UpcomingViewController.swift */,
				EEAE6B5D2910709100A9FB9C /* SearchViewController.swift */,
				EEAE6B5F291070AC00A9FB9C /* DownloadsViewController.swift */,
			);
			path = Core;
			sourceTree = "<group>";
		};
		EEAE6B7D292132CB00A9FB9C /* General */ = {
			isa = PBXGroup;
			children = (
				EEAE6B7A2921324400A9FB9C /* SearchResultsViewController.swift */,
				EEAE6B802921512300A9FB9C /* MediaPreviewViewController.swift */,
			);
			path = General;
			sourceTree = "<group>";
		};
/* End PBXGroup section */

/* Begin PBXNativeTarget section */
		EEAE6B4029106E4B00A9FB9C /* NetflixClone */ = {
			isa = PBXNativeTarget;
			buildConfigurationList = EEAE6B5529106E4F00A9FB9C /* Build configuration list for PBXNativeTarget "NetflixClone" */;
			buildPhases = (
				EEAE6B3D29106E4B00A9FB9C /* Sources */,
				EEAE6B3E29106E4B00A9FB9C /* Frameworks */,
				EEAE6B3F29106E4B00A9FB9C /* Resources */,
			);
			buildRules = (
			);
			dependencies = (
			);
			name = NetflixClone;
			productName = NetflixClone;
			productReference = EEAE6B4129106E4B00A9FB9C /* NetflixClone.app */;
			productType = "com.apple.product-type.application";
		};
/* End PBXNativeTarget section */

/* Begin PBXProject section */
		EEAE6B3929106E4B00A9FB9C /* Project object */ = {
			isa = PBXProject;
			attributes = {
				BuildIndependentTargetsInParallel = 1;
				LastSwiftUpdateCheck = 1400;
				LastUpgradeCheck = 1400;
				TargetAttributes = {
					EEAE6B4029106E4B00A9FB9C = {
						CreatedOnToolsVersion = 14.0.1;
					};
				};
			};
			buildConfigurationList = EEAE6B3C29106E4B00A9FB9C /* Build configuration list for PBXProject "NetflixClone" */;
			compatibilityVersion = "Xcode 14.0";
			developmentRegion = en;
			hasScannedForEncodings = 0;
			knownRegions = (
				en,
				Base,
			);
			mainGroup = EEAE6B3829106E4B00A9FB9C;
			productRefGroup = EEAE6B4229106E4B00A9FB9C /* Products */;
			projectDirPath = "";
			projectRoot = "";
			targets = (
				EEAE6B4029106E4B00A9FB9C /* NetflixClone */,
			);
		};
/* End PBXProject section */

/* Begin PBXResourcesBuildPhase section */
		EEAE6B3F29106E4B00A9FB9C /* Resources */ = {
			isa = PBXResourcesBuildPhase;
			buildActionMask = 2147483647;
			files = (
				EEAE6B5129106E4F00A9FB9C /* LaunchScreen.storyboard in Resources */,
				EEAE6B4E29106E4F00A9FB9C /* Assets.xcassets in Resources */,
			);
			runOnlyForDeploymentPostprocessing = 0;
		};
/* End PBXResourcesBuildPhase section */

/* Begin PBXSourcesBuildPhase section */
		EEAE6B3D29106E4B00A9FB9C /* Sources */ = {
			isa = PBXSourcesBuildPhase;
			buildActionMask = 2147483647;
			files = (
				EEAE6B5E2910709100A9FB9C /* SearchViewController.swift in Sources */,
				EEAE6B7B2921324400A9FB9C /* SearchResultsViewController.swift in Sources */,
				EEAE6B812921512300A9FB9C /* MediaPreviewViewController.swift in Sources */,
				EEAE6B4929106E4B00A9FB9C /* MainTabBarViewController.swift in Sources */,
				EEAE6B83292153EA00A9FB9C /* MediaPreviewViewModel.swift in Sources */,
				EEAE6B67291076FD00A9FB9C /* CollectionViewTableViewCell.swift in Sources */,
				EEAE6B7329145E5100A9FB9C /* MediaCollectionViewCell.swift in Sources */,
				EEAE6B772916707F00A9FB9C /* MediaTableViewCell.swift in Sources */,
				EEAE6B6B2914415600A9FB9C /* APICaller.swift in Sources */,
				EEAE6B60291070AC00A9FB9C /* DownloadsViewController.swift in Sources */,
				EEAE6B692913125D00A9FB9C /* HeroHeaderView.swift in Sources */,
				EEAE6B4529106E4B00A9FB9C /* AppDelegate.swift in Sources */,
				EEAE6B6F2914498600A9FB9C /* Extensions.swift in Sources */,
				EEAE6B4729106E4B00A9FB9C /* SceneDelegate.swift in Sources */,
				EEAE6B7F2921412600A9FB9C /* YoutubeSearchResponse.swift in Sources */,
				EEAE6B792916737700A9FB9C /* MediaViewModel.swift in Sources */,
				EEAE6B5C2910707D00A9FB9C /* UpcomingViewController.swift in Sources */,
				EEAE6B6D291445F400A9FB9C /* Media.swift in Sources */,
				EEAE6B752914601900A9FB9C /* ImageCache.swift in Sources */,
				EEAE6B5A2910705A00A9FB9C /* HomeViewController.swift in Sources */,
			);
			runOnlyForDeploymentPostprocessing = 0;
		};
/* End PBXSourcesBuildPhase section */

/* Begin PBXVariantGroup section */
		EEAE6B4F29106E4F00A9FB9C /* LaunchScreen.storyboard */ = {
			isa = PBXVariantGroup;
			children = (
				EEAE6B5029106E4F00A9FB9C /* Base */,
			);
			name = LaunchScreen.storyboard;
			sourceTree = "<group>";
		};
/* End PBXVariantGroup section */

/* Begin XCBuildConfiguration section */
		EEAE6B5329106E4F00A9FB9C /* Debug */ = {
			isa = XCBuildConfiguration;
			buildSettings = {
				ALWAYS_SEARCH_USER_PATHS = NO;
				CLANG_ANALYZER_NONNULL = YES;
				CLANG_ANALYZER_NUMBER_OBJECT_CONVERSION = YES_AGGRESSIVE;
				CLANG_CXX_LANGUAGE_STANDARD = "gnu++20";
				CLANG_ENABLE_MODULES = YES;
				CLANG_ENABLE_OBJC_ARC = YES;
				CLANG_ENABLE_OBJC_WEAK = YES;
				CLANG_WARN_BLOCK_CAPTURE_AUTORELEASING = YES;
				CLANG_WARN_BOOL_CONVERSION = YES;
				CLANG_WARN_COMMA = YES;
				CLANG_WARN_CONSTANT_CONVERSION = YES;
				CLANG_WARN_DEPRECATED_OBJC_IMPLEMENTATIONS = YES;
				CLANG_WARN_DIRECT_OBJC_ISA_USAGE = YES_ERROR;
				CLANG_WARN_DOCUMENTATION_COMMENTS = YES;
				CLANG_WARN_EMPTY_BODY = YES;
				CLANG_WARN_ENUM_CONVERSION = YES;
				CLANG_WARN_INFINITE_RECURSION = YES;
				CLANG_WARN_INT_CONVERSION = YES;
				CLANG_WARN_NON_LITERAL_NULL_CONVERSION = YES;
				CLANG_WARN_OBJC_IMPLICIT_RETAIN_SELF = YES;
				CLANG_WARN_OBJC_LITERAL_CONVERSION = YES;
				CLANG_WARN_OBJC_ROOT_CLASS = YES_ERROR;
				CLANG_WARN_QUOTED_INCLUDE_IN_FRAMEWORK_HEADER = YES;
				CLANG_WARN_RANGE_LOOP_ANALYSIS = YES;
				CLANG_WARN_STRICT_PROTOTYPES = YES;
				CLANG_WARN_SUSPICIOUS_MOVE = YES;
				CLANG_WARN_UNGUARDED_AVAILABILITY = YES_AGGRESSIVE;
				CLANG_WARN_UNREACHABLE_CODE = YES;
				CLANG_WARN__DUPLICATE_METHOD_MATCH = YES;
				COPY_PHASE_STRIP = NO;
				DEBUG_INFORMATION_FORMAT = dwarf;
				ENABLE_STRICT_OBJC_MSGSEND = YES;
				ENABLE_TESTABILITY = YES;
				GCC_C_LANGUAGE_STANDARD = gnu11;
				GCC_DYNAMIC_NO_PIC = NO;
				GCC_NO_COMMON_BLOCKS = YES;
				GCC_OPTIMIZATION_LEVEL = 0;
				GCC_PREPROCESSOR_DEFINITIONS = (
					"DEBUG=1",
					"$(inherited)",
				);
				GCC_WARN_64_TO_32_BIT_CONVERSION = YES;
				GCC_WARN_ABOUT_RETURN_TYPE = YES_ERROR;
				GCC_WARN_UNDECLARED_SELECTOR = YES;
				GCC_WARN_UNINITIALIZED_AUTOS = YES_AGGRESSIVE;
				GCC_WARN_UNUSED_FUNCTION = YES;
				GCC_WARN_UNUSED_VARIABLE = YES;
				IPHONEOS_DEPLOYMENT_TARGET = 16.0;
				MTL_ENABLE_DEBUG_INFO = INCLUDE_SOURCE;
				MTL_FAST_MATH = YES;
				ONLY_ACTIVE_ARCH = YES;
				SDKROOT = iphoneos;
				SWIFT_ACTIVE_COMPILATION_CONDITIONS = DEBUG;
				SWIFT_OPTIMIZATION_LEVEL = "-Onone";
			};
			name = Debug;
		};
		EEAE6B5429106E4F00A9FB9C /* Release */ = {
			isa = XCBuildConfiguration;
			buildSettings = {
				ALWAYS_SEARCH_USER_PATHS = NO;
				CLANG_ANALYZER_NONNULL = YES;
				CLANG_ANALYZER_NUMBER_OBJECT_CONVERSION = YES_AGGRESSIVE;
				CLANG_CXX_LANGUAGE_STANDARD = "gnu++20";
				CLANG_ENABLE_MODULES = YES;
				CLANG_ENABLE_OBJC_ARC = YES;
				CLANG_ENABLE_OBJC_WEAK = YES;
				CLANG_WARN_BLOCK_CAPTURE_AUTORELEASING = YES;
				CLANG_WARN_BOOL_CONVERSION = YES;
				CLANG_WARN_COMMA = YES;
				CLANG_WARN_CONSTANT_CONVERSION = YES;
				CLANG_WARN_DEPRECATED_OBJC_IMPLEMENTATIONS = YES;
				CLANG_WARN_DIRECT_OBJC_ISA_USAGE = YES_ERROR;
				CLANG_WARN_DOCUMENTATION_COMMENTS = YES;
				CLANG_WARN_EMPTY_BODY = YES;
				CLANG_WARN_ENUM_CONVERSION = YES;
				CLANG_WARN_INFINITE_RECURSION = YES;
				CLANG_WARN_INT_CONVERSION = YES;
				CLANG_WARN_NON_LITERAL_NULL_CONVERSION = YES;
				CLANG_WARN_OBJC_IMPLICIT_RETAIN_SELF = YES;
				CLANG_WARN_OBJC_LITERAL_CONVERSION = YES;
				CLANG_WARN_OBJC_ROOT_CLASS = YES_ERROR;
				CLANG_WARN_QUOTED_INCLUDE_IN_FRAMEWORK_HEADER = YES;
				CLANG_WARN_RANGE_LOOP_ANALYSIS = YES;
				CLANG_WARN_STRICT_PROTOTYPES = YES;
				CLANG_WARN_SUSPICIOUS_MOVE = YES;
				CLANG_WARN_UNGUARDED_AVAILABILITY = YES_AGGRESSIVE;
				CLANG_WARN_UNREACHABLE_CODE = YES;
				CLANG_WARN__DUPLICATE_METHOD_MATCH = YES;
				COPY_PHASE_STRIP = NO;
				DEBUG_INFORMATION_FORMAT = "dwarf-with-dsym";
				ENABLE_NS_ASSERTIONS = NO;
				ENABLE_STRICT_OBJC_MSGSEND = YES;
				GCC_C_LANGUAGE_STANDARD = gnu11;
				GCC_NO_COMMON_BLOCKS = YES;
				GCC_WARN_64_TO_32_BIT_CONVERSION = YES;
				GCC_WARN_ABOUT_RETURN_TYPE = YES_ERROR;
				GCC_WARN_UNDECLARED_SELECTOR = YES;
				GCC_WARN_UNINITIALIZED_AUTOS = YES_AGGRESSIVE;
				GCC_WARN_UNUSED_FUNCTION = YES;
				GCC_WARN_UNUSED_VARIABLE = YES;
				IPHONEOS_DEPLOYMENT_TARGET = 16.0;
				MTL_ENABLE_DEBUG_INFO = NO;
				MTL_FAST_MATH = YES;
				SDKROOT = iphoneos;
				SWIFT_COMPILATION_MODE = wholemodule;
				SWIFT_OPTIMIZATION_LEVEL = "-O";
				VALIDATE_PRODUCT = YES;
			};
			name = Release;
		};
		EEAE6B5629106E4F00A9FB9C /* Debug */ = {
			isa = XCBuildConfiguration;
			buildSettings = {
				ASSETCATALOG_COMPILER_APPICON_NAME = AppIcon;
				ASSETCATALOG_COMPILER_GLOBAL_ACCENT_COLOR_NAME = AccentColor;
				CODE_SIGN_STYLE = Automatic;
				CURRENT_PROJECT_VERSION = 1;
				DEVELOPMENT_TEAM = VZ5R657T48;
				GENERATE_INFOPLIST_FILE = YES;
				INFOPLIST_FILE = NetflixClone/Info.plist;
				INFOPLIST_KEY_UIApplicationSupportsIndirectInputEvents = YES;
				INFOPLIST_KEY_UILaunchStoryboardName = LaunchScreen;
				INFOPLIST_KEY_UISupportedInterfaceOrientations_iPad = "UIInterfaceOrientationPortrait UIInterfaceOrientationPortraitUpsideDown UIInterfaceOrientationLandscapeLeft UIInterfaceOrientationLandscapeRight";
				INFOPLIST_KEY_UISupportedInterfaceOrientations_iPhone = "UIInterfaceOrientationPortrait UIInterfaceOrientationLandscapeLeft UIInterfaceOrientationLandscapeRight";
				LD_RUNPATH_SEARCH_PATHS = (
					"$(inherited)",
					"@executable_path/Frameworks",
				);
				MARKETING_VERSION = 1.0;
				PRODUCT_BUNDLE_IDENTIFIER = AaronArcher.NetflixClone;
				PRODUCT_NAME = "$(TARGET_NAME)";
				SWIFT_EMIT_LOC_STRINGS = YES;
				SWIFT_VERSION = 5.0;
				TARGETED_DEVICE_FAMILY = "1,2";
			};
			name = Debug;
		};
		EEAE6B5729106E4F00A9FB9C /* Release */ = {
			isa = XCBuildConfiguration;
			buildSettings = {
				ASSETCATALOG_COMPILER_APPICON_NAME = AppIcon;
				ASSETCATALOG_COMPILER_GLOBAL_ACCENT_COLOR_NAME = AccentColor;
				CODE_SIGN_STYLE = Automatic;
				CURRENT_PROJECT_VERSION = 1;
				DEVELOPMENT_TEAM = VZ5R657T48;
				GENERATE_INFOPLIST_FILE = YES;
				INFOPLIST_FILE = NetflixClone/Info.plist;
				INFOPLIST_KEY_UIApplicationSupportsIndirectInputEvents = YES;
				INFOPLIST_KEY_UILaunchStoryboardName = LaunchScreen;
				INFOPLIST_KEY_UISupportedInterfaceOrientations_iPad = "UIInterfaceOrientationPortrait UIInterfaceOrientationPortraitUpsideDown UIInterfaceOrientationLandscapeLeft UIInterfaceOrientationLandscapeRight";
				INFOPLIST_KEY_UISupportedInterfaceOrientations_iPhone = "UIInterfaceOrientationPortrait UIInterfaceOrientationLandscapeLeft UIInterfaceOrientationLandscapeRight";
				LD_RUNPATH_SEARCH_PATHS = (
					"$(inherited)",
					"@executable_path/Frameworks",
				);
				MARKETING_VERSION = 1.0;
				PRODUCT_BUNDLE_IDENTIFIER = AaronArcher.NetflixClone;
				PRODUCT_NAME = "$(TARGET_NAME)";
				SWIFT_EMIT_LOC_STRINGS = YES;
				SWIFT_VERSION = 5.0;
				TARGETED_DEVICE_FAMILY = "1,2";
			};
			name = Release;
		};
/* End XCBuildConfiguration section */

/* Begin XCConfigurationList section */
		EEAE6B3C29106E4B00A9FB9C /* Build configuration list for PBXProject "NetflixClone" */ = {
			isa = XCConfigurationList;
			buildConfigurations = (
				EEAE6B5329106E4F00A9FB9C /* Debug */,
				EEAE6B5429106E4F00A9FB9C /* Release */,
			);
			defaultConfigurationIsVisible = 0;
			defaultConfigurationName = Release;
		};
		EEAE6B5529106E4F00A9FB9C /* Build configuration list for PBXNativeTarget "NetflixClone" */ = {
			isa = XCConfigurationList;
			buildConfigurations = (
				EEAE6B5629106E4F00A9FB9C /* Debug */,
				EEAE6B5729106E4F00A9FB9C /* Release */,
			);
			defaultConfigurationIsVisible = 0;
			defaultConfigurationName = Release;
		};
/* End XCConfigurationList section */
	};
	rootObject = EEAE6B3929106E4B00A9FB9C /* Project object */;
}
